
Microsoft Visual Studio Solution File, Format Version 12.00
# Visual Studio Version 17
VisualStudioVersion = 17.0.31903.59
MinimumVisualStudioVersion = 10.0.40219.1
Project("{FAE04EC0-301F-11D3-BF4B-00C04F79EFBC}") = "EduTrack", "EduTrack\EduTrack.csproj", "{809F2C7A-6059-6BD4-ADB1-5012A643AE77}"
EndProject
Project("{FAE04EC0-301F-11D3-BF4B-00C04F79EFBC}") = "EduTrackDataAccess", "EduTrackDataAccess\EduTrackDataAccess.csproj", "{231ACD2E-6F16-6154-937D-E40677C92A26}"
EndProject
Global
	GlobalSection(SolutionConfigurationPlatforms) = preSolution
		Debug|Any CPU = Debug|Any CPU
		Release|Any CPU = Release|Any CPU
	EndGlobalSection
	GlobalSection(ProjectConfigurationPlatforms) = postSolution
		{809F2C7A-6059-6BD4-ADB1-5012A643AE77}.Debug|Any CPU.ActiveCfg = Debug|Any CPU
		{809F2C7A-6059-6BD4-ADB1-5012A643AE77}.Debug|Any CPU.Build.0 = Debug|Any CPU
		{809F2C7A-6059-6BD4-ADB1-5012A643AE77}.Release|Any CPU.ActiveCfg = Release|Any CPU
		{809F2C7A-6059-6BD4-ADB1-5012A643AE77}.Release|Any CPU.Build.0 = Release|Any CPU
		{231ACD2E-6F16-6154-937D-E40677C92A26}.Debug|Any CPU.ActiveCfg = Debug|Any CPU
		{231ACD2E-6F16-6154-937D-E40677C92A26}.Debug|Any CPU.Build.0 = Debug|Any CPU
		{231ACD2E-6F16-6154-937D-E40677C92A26}.Release|Any CPU.ActiveCfg = Release|Any CPU
		{231ACD2E-6F16-6154-937D-E40677C92A26}.Release|Any CPU.Build.0 = Release|Any CPU
	EndGlobalSection
	GlobalSection(SolutionProperties) = preSolution
		HideSolutionNode = FALSE
	EndGlobalSection
EndGlobal
